PODS:
  - Alamofire (5.4.1)
  - AlamofireImage (4.1.0):
    - Alamofire (~> 5.1)
  - DropDown (2.3.13)

DEPENDENCIES:
  - AlamofireImage
  - DropDown

SPEC REPOS:
  trunk:
    - Alamofire
    - AlamofireImage
    - DropDown

SPEC CHECKSUMS:
  Alamofire: 2291f7d21ca607c491dd17642e5d40fdcda0e65c
  AlamofireImage: c4a2ba349885fb3064feb74d2e547bd42ce9be10
  DropDown: 8a2116376c1981888557f72ec2ffc9a5e0e456ec

PODFILE CHECKSUM: c865b71531971f8fc7335e4a6e3696bfd75fdf97

COCOAPODS: 1.11.2
